<?xml version="1.0" encoding="utf-8"?>
<Project ToolsVersion="4.0" xmlns="http://schemas.microsoft.com/developer/msbuild/2003">
  <ItemGroup>
    <Filter Include="Headers">
      <UniqueIdentifier>{C196CD9C-2D76-4C38-368E-D70EA2ECB299}</UniqueIdentifier>
    </Filter>
    <Filter Include="Headers\Utility">
      <UniqueIdentifier>{048640DB-7011-AE9F-7922-3194E52C0AA0}</UniqueIdentifier>
    </Filter>
    <Filter Include="Sources">
      <UniqueIdentifier>{89565304-F535-D29F-FE4D-5D766AAC3801}</UniqueIdentifier>
    </Filter>
    <Filter Include="Sources\Utility">
      <UniqueIdentifier>{CC8D4DD1-3819-BB95-412A-3E8AAD341796}</UniqueIdentifier>
    </Filter>
  </ItemGroup>
  <ItemGroup>
    <ClInclude Include="Hooking.FuncCalls.h">
      <Filter>Headers</Filter>
    </ClInclude>
    <ClInclude Include="Hooking.Invoke.h">
      <Filter>Headers</Filter>
    </ClInclude>
    <ClInclude Include="Hooking.Patterns.h">
      <Filter>Headers</Filter>
    </ClInclude>
    <ClInclude Include="Hooking.h">
      <Filter>Headers</Filter>
    </ClInclude>
    <ClInclude Include="IModules.h">
      <Filter>Headers</Filter>
    </ClInclude>
    <ClInclude Include="Utility\PathUtils.h">
      <Filter>Headers\Utility</Filter>
    </ClInclude>
    <ClInclude Include="Utility\WinRegistry.h">
      <Filter>Headers\Utility</Filter>
    </ClInclude>
    <ClInclude Include="Vector.h">
      <Filter>Headers</Filter>
    </ClInclude>
    <ClInclude Include="jitasm.h">
      <Filter>Headers</Filter>
    </ClInclude>
  </ItemGroup>
  <ItemGroup>
    <ClCompile Include="Hooking.Patterns.cpp">
      <Filter>Sources</Filter>
    </ClCompile>
    <ClCompile Include="Hooking.cpp">
      <Filter>Sources</Filter>
    </ClCompile>
    <ClCompile Include="Utility\PathUtils.cpp">
      <Filter>Sources\Utility</Filter>
    </ClCompile>
    <ClCompile Include="Utility\WinRegistry.cpp">
      <Filter>Sources\Utility</Filter>
    </ClCompile>
  </ItemGroup>
  <ItemGroup>
    <None Include="premake5.lua" />
  </ItemGroup>
</Project>